
Microsoft Visual Studio Solution File, Format Version 12.00
# Visual Studio Version 16
VisualStudioVersion = 16.0.29418.71
MinimumVisualStudioVersion = 10.0.40219.1
Project("{FAE04EC0-301F-11D3-BF4B-00C04F79EFBC}") = "CopyBackup_Tool", "CopyBackup_Tool.csproj", "{B371F48D-437E-453E-9288-801C43B45A27}"
EndProject
Global
	GlobalSection(SolutionConfigurationPlatforms) = preSolution
		Debug|Any CPU = Debug|Any CPU
		Release|Any CPU = Release|Any CPU
	EndGlobalSection
	GlobalSection(ProjectConfigurationPlatforms) = postSolution
		{B371F48D-437E-453E-9288-801C43B45A27}.Debug|Any CPU.ActiveCfg = Debug|Any CPU
		{B371F48D-437E-453E-9288-801C43B45A27}.Debug|Any CPU.Build.0 = Debug|Any CPU
		{B371F48D-437E-453E-9288-801C43B45A27}.Release|Any CPU.ActiveCfg = Release|Any CPU
		{B371F48D-437E-453E-9288-801C43B45A27}.Release|Any CPU.Build.0 = Release|Any CPU
	EndGlobalSection
	GlobalSection(SolutionProperties) = preSolution
		HideSolutionNode = FALSE
	EndGlobalSection
	GlobalSection(ExtensibilityGlobals) = postSolution
		SolutionGuid = {67AE395C-C933-4652-98FC-8278DCCB650A}
	EndGlobalSection
EndGlobal
